
Microsoft Visual Studio Solution File, Format Version 12.00
# Visual Studio Version 17
VisualStudioVersion = 17.11.35222.181
MinimumVisualStudioVersion = 10.0.40219.1
Project("{FAE04EC0-301F-11D3-BF4B-00C04F79EFBC}") = "RPG_OOMS_Shawn-Bernard", "RPG_OOMS_Shawn-Bernard.csproj", "{F54858D6-D3C0-4B4F-BA86-37EB1256DE57}"
EndProject
Project("{2150E333-8FDC-42A3-9474-1A3956D46DE8}") = "Solution Items", "Solution Items", "{787D8248-29B8-400D-87BF-F3AD559520CE}"
	ProjectSection(SolutionItems) = preProject
		Map.cs = Map.cs
	EndProjectSection
EndProject
Global
	GlobalSection(SolutionConfigurationPlatforms) = preSolution
		Debug|Any CPU = Debug|Any CPU
		Release|Any CPU = Release|Any CPU
	EndGlobalSection
	GlobalSection(ProjectConfigurationPlatforms) = postSolution
		{F54858D6-D3C0-4B4F-BA86-37EB1256DE57}.Debug|Any CPU.ActiveCfg = Debug|Any CPU
		{F54858D6-D3C0-4B4F-BA86-37EB1256DE57}.Debug|Any CPU.Build.0 = Debug|Any CPU
		{F54858D6-D3C0-4B4F-BA86-37EB1256DE57}.Release|Any CPU.ActiveCfg = Release|Any CPU
		{F54858D6-D3C0-4B4F-BA86-37EB1256DE57}.Release|Any CPU.Build.0 = Release|Any CPU
	EndGlobalSection
	GlobalSection(SolutionProperties) = preSolution
		HideSolutionNode = FALSE
	EndGlobalSection
	GlobalSection(ExtensibilityGlobals) = postSolution
		SolutionGuid = {9882B588-4587-43DE-8513-B0345A64C131}
	EndGlobalSection
EndGlobal
